{
    "_meta": {
        "hash": {
            "sha256": "16ba9283c7aa3716254738359f0b2fb9bc3c88227151a4881c43ab822b28d5a7"
        },
        "pipfile-spec": 6,
        "requires": {
            "python_version": "3.13"
        },
        "sources": [
            {
                "name": "pypi",
                "url": "https://pypi.org/simple",
                "verify_ssl": true
            }
        ]
    },
    "default": {
        "decorator": {
            "hashes": [
                "sha256:637996211036b6385ef91435e4fae22989472f9d571faba8927ba8253acbc330",
                "sha256:b8c3f85900b9dc423225913c5aace94729fe1fa9763b38939a95226f02d37186"
            ],
            "markers": "python_version >= '3.5'",
            "version": "==5.1.1"
        },
        "pypiwin32": {
            "hashes": [
                "sha256:67adf399debc1d5d14dffc1ab5acacb800da569754fafdc576b2a039485aa775",
                "sha256:71be40c1fbd28594214ecaecb58e7aa8b708eabfa0125c8a109ebd51edbd776a"
            ],
            "index": "pypi",
            "version": "==223"
        },
        "pyuac": {
            "hashes": [
                "sha256:cf0e1de597388744daa308e4f83019885caa0c646246a7e94713a77652701600",
                "sha256:fd11caf47246e0a5149284ced014c346439ae3a28c6bad0b622b239fe30d2d5b"
            ],
            "index": "pypi",
            "markers": "python_version >= '2.7' and python_version not in '3.0, 3.1, 3.2'",
            "version": "==0.0.3"
        },
        "pywin32": {
            "hashes": [
                "sha256:00b3e11ef09ede56c6a43c71f2d31857cf7c54b0ab6e78ac659497abd2834f47",
                "sha256:100a5442b7332070983c4cd03f2e906a5648a5104b8a7f50175f7906efd16bb6",
                "sha256:13dcb914ed4347019fbec6697a01a0aec61019c1046c2b905410d197856326a6",
                "sha256:1c44539a37a5b7b21d02ab34e6a4d314e0788f1690d65b48e9b0b89f31abbbed",
                "sha256:1f696ab352a2ddd63bd07430080dd598e6369152ea13a25ebcdd2f503a38f1ff",
                "sha256:3b92622e29d651c6b783e368ba7d6722b1634b8e70bd376fd7610fe1992e19de",
                "sha256:4fc888c59b3c0bef905ce7eb7e2106a07712015ea1c8234b703a088d46110e8e",
                "sha256:575621b90f0dc2695fec346b2d6302faebd4f0f45c05ea29404cefe35d89442b",
                "sha256:5794e764ebcabf4ff08c555b31bd348c9025929371763b2183172ff4708152f0",
                "sha256:587f3e19696f4bf96fde9d8a57cec74a57021ad5f204c9e627e15c33ff568897",
                "sha256:5d8c8015b24a7d6855b1550d8e660d8daa09983c80e5daf89a273e5c6fb5095a",
                "sha256:71b3322d949b4cc20776436a9c9ba0eeedcbc9c650daa536df63f0ff111bb920",
                "sha256:7873ca4dc60ab3287919881a7d4f88baee4a6e639aa6962de25a98ba6b193341",
                "sha256:796ff4426437896550d2981b9c2ac0ffd75238ad9ea2d3bfa67a1abd546d262e",
                "sha256:9b4de86c8d909aed15b7011182c8cab38c8850de36e6afb1f0db22b8959e3091",
                "sha256:a5ab5381813b40f264fa3495b98af850098f814a25a63589a8e9eb12560f450c",
                "sha256:ef313c46d4c18dfb82a2431e3051ac8f112ccee1a34f29c263c583c568db63cd",
                "sha256:fd380990e792eaf6827fcb7e187b2b4b1cede0585e3d0c9e84201ec27b9905e4"
            ],
            "version": "==308"
        },
        "tee": {
            "hashes": [
                "sha256:16fdbb34b1e89a308094d86d2d497f5fa5ac47df9202f3dde913070d31699fad",
                "sha256:801dea18fe5046b57c26e87aa5c7ca0d1b8590cdc0e4e84158d07cdfa6628cdb"
            ],
            "version": "==0.0.3"
        }
    },
    "develop": {}
}
